
Microsoft Visual Studio Solution File, Format Version 12.00
# Visual Studio 14
VisualStudioVersion = 14.0.24720.0
MinimumVisualStudioVersion = 10.0.40219.1
Project("{FAE04EC0-301F-11D3-BF4B-00C04F79EFBC}") = "Hello", "Hello\Hello.csproj", "{A6DC4FF0-CB1E-4512-AB72-76B75269C990}"
EndProject
Project("{FAE04EC0-301F-11D3-BF4B-00C04F79EFBC}") = "01AdaptiveCodeCamera", "01Introduction\AdaptiveCodeCamera\AdaptiveCodeCamera\01AdaptiveCodeCamera.csproj", "{6AA2D18D-EE9A-4A1F-8DD1-6F67AFC52291}"
EndProject
Project("{FAE04EC0-301F-11D3-BF4B-00C04F79EFBC}") = "01BlueYonderDemo", "01Introduction\BlueYonderDemo\01BlueYonderDemo.csproj", "{C8CCAEE4-CE0E-4249-A90C-2F029A09A05E}"
EndProject
Project("{FAE04EC0-301F-11D3-BF4B-00C04F79EFBC}") = "02AppUIBasics", "02XAMLControls\AppUIBasics\02AppUIBasics.csproj", "{28C6451E-B336-4FAA-9903-99BAF7E38D89}"
EndProject
Project("{FAE04EC0-301F-11D3-BF4B-00C04F79EFBC}") = "02AdaptiveListDemo", "02XAMLControls\RelativePanel\AdaptiveListDemo\AdaptiveListDemo\02AdaptiveListDemo.csproj", "{6B52DC2B-1862-49B7-ABF6-095A7BC6B2B5}"
EndProject
Project("{FAE04EC0-301F-11D3-BF4B-00C04F79EFBC}") = "03NavigationAndLifecycleDemo", "03Navigation\PageNavigationDemo\End\LifecycleDemo\03NavigationAndLifecycleDemo.csproj", "{30B2933A-6203-42E6-BFE5-1DB06143AB76}"
EndProject
Project("{FAE04EC0-301F-11D3-BF4B-00C04F79EFBC}") = "03TODOBasicSample", "03Navigation\ToDoBasic\TODOBasicSample\03TODOBasicSample.csproj", "{8BE1FC83-8AC2-41F0-BEDF-D4F4F53A1450}"
EndProject
Project("{FAE04EC0-301F-11D3-BF4B-00C04F79EFBC}") = "02SplitViewOptions", "02SplitViewOptions\SplitViewOptions\02SplitViewOptions.csproj", "{44112EF9-FCBA-436B-A9AB-C6507EA9CBED}"
EndProject
Project("{FAE04EC0-301F-11D3-BF4B-00C04F79EFBC}") = "04AdaptiveUI", "04AdaptiveUI\AdaptiveUI\AdaptiveUI\04AdaptiveUI.csproj", "{5E902FC5-3003-4C2A-A9B4-246822098C70}"
EndProject
Project("{FAE04EC0-301F-11D3-BF4B-00C04F79EFBC}") = "04CustomTriggers", "04AdaptiveUI\CustomTriggers\CustomTriggers\04CustomTriggers.csproj", "{8E1C14E3-EAF5-4D3B-B02F-2FB3A275B65C}"
EndProject
Project("{FAE04EC0-301F-11D3-BF4B-00C04F79EFBC}") = "04TODOAdaptiveUISampleBegin", "04AdaptiveUI\TODOAdaptiveUISample\Begin\TODOAdaptiveUISample\04TODOAdaptiveUISampleBegin.csproj", "{63C122AC-7BC7-49DC-94E0-BBB9912D5E31}"
EndProject
Project("{FAE04EC0-301F-11D3-BF4B-00C04F79EFBC}") = "04TODOAdaptiveUISampleEnd", "04AdaptiveUI\TODOAdaptiveUISample\End\TODOAdaptiveUISample\04TODOAdaptiveUISampleEnd.csproj", "{3DAB4809-77C7-4BC0-87CB-38E63E1C7378}"
EndProject
Project("{FAE04EC0-301F-11D3-BF4B-00C04F79EFBC}") = "04XAMLViewsSample", "04AdaptiveUI\XAMLViewsSample\XAMLViewsSample\04XAMLViewsSample.csproj", "{53B0193C-DB85-4CA4-8D80-56A885630F31}"
EndProject
Global
	GlobalSection(SolutionConfigurationPlatforms) = preSolution
		Debug|ARM = Debug|ARM
		Debug|x64 = Debug|x64
		Debug|x86 = Debug|x86
		Release|ARM = Release|ARM
		Release|x64 = Release|x64
		Release|x86 = Release|x86
	EndGlobalSection
	GlobalSection(ProjectConfigurationPlatforms) = postSolution
		{A6DC4FF0-CB1E-4512-AB72-76B75269C990}.Debug|ARM.ActiveCfg = Debug|ARM
		{A6DC4FF0-CB1E-4512-AB72-76B75269C990}.Debug|ARM.Build.0 = Debug|ARM
		{A6DC4FF0-CB1E-4512-AB72-76B75269C990}.Debug|ARM.Deploy.0 = Debug|ARM
		{A6DC4FF0-CB1E-4512-AB72-76B75269C990}.Debug|x64.ActiveCfg = Debug|x64
		{A6DC4FF0-CB1E-4512-AB72-76B75269C990}.Debug|x64.Build.0 = Debug|x64
		{A6DC4FF0-CB1E-4512-AB72-76B75269C990}.Debug|x64.Deploy.0 = Debug|x64
		{A6DC4FF0-CB1E-4512-AB72-76B75269C990}.Debug|x86.ActiveCfg = Debug|x86
		{A6DC4FF0-CB1E-4512-AB72-76B75269C990}.Debug|x86.Build.0 = Debug|x86
		{A6DC4FF0-CB1E-4512-AB72-76B75269C990}.Debug|x86.Deploy.0 = Debug|x86
		{A6DC4FF0-CB1E-4512-AB72-76B75269C990}.Release|ARM.ActiveCfg = Release|ARM
		{A6DC4FF0-CB1E-4512-AB72-76B75269C990}.Release|ARM.Build.0 = Release|ARM
		{A6DC4FF0-CB1E-4512-AB72-76B75269C990}.Release|ARM.Deploy.0 = Release|ARM
		{A6DC4FF0-CB1E-4512-AB72-76B75269C990}.Release|x64.ActiveCfg = Release|x64
		{A6DC4FF0-CB1E-4512-AB72-76B75269C990}.Release|x64.Build.0 = Release|x64
		{A6DC4FF0-CB1E-4512-AB72-76B75269C990}.Release|x64.Deploy.0 = Release|x64
		{A6DC4FF0-CB1E-4512-AB72-76B75269C990}.Release|x86.ActiveCfg = Release|x86
		{A6DC4FF0-CB1E-4512-AB72-76B75269C990}.Release|x86.Build.0 = Release|x86
		{A6DC4FF0-CB1E-4512-AB72-76B75269C990}.Release|x86.Deploy.0 = Release|x86
		{6AA2D18D-EE9A-4A1F-8DD1-6F67AFC52291}.Debug|ARM.ActiveCfg = Debug|ARM
		{6AA2D18D-EE9A-4A1F-8DD1-6F67AFC52291}.Debug|ARM.Build.0 = Debug|ARM
		{6AA2D18D-EE9A-4A1F-8DD1-6F67AFC52291}.Debug|ARM.Deploy.0 = Debug|ARM
		{6AA2D18D-EE9A-4A1F-8DD1-6F67AFC52291}.Debug|x64.ActiveCfg = Debug|x64
		{6AA2D18D-EE9A-4A1F-8DD1-6F67AFC52291}.Debug|x64.Build.0 = Debug|x64
		{6AA2D18D-EE9A-4A1F-8DD1-6F67AFC52291}.Debug|x64.Deploy.0 = Debug|x64
		{6AA2D18D-EE9A-4A1F-8DD1-6F67AFC52291}.Debug|x86.ActiveCfg = Debug|x86
		{6AA2D18D-EE9A-4A1F-8DD1-6F67AFC52291}.Debug|x86.Build.0 = Debug|x86
		{6AA2D18D-EE9A-4A1F-8DD1-6F67AFC52291}.Debug|x86.Deploy.0 = Debug|x86
		{6AA2D18D-EE9A-4A1F-8DD1-6F67AFC52291}.Release|ARM.ActiveCfg = Release|ARM
		{6AA2D18D-EE9A-4A1F-8DD1-6F67AFC52291}.Release|ARM.Build.0 = Release|ARM
		{6AA2D18D-EE9A-4A1F-8DD1-6F67AFC52291}.Release|ARM.Deploy.0 = Release|ARM
		{6AA2D18D-EE9A-4A1F-8DD1-6F67AFC52291}.Release|x64.ActiveCfg = Release|x64
		{6AA2D18D-EE9A-4A1F-8DD1-6F67AFC52291}.Release|x64.Build.0 = Release|x64
		{6AA2D18D-EE9A-4A1F-8DD1-6F67AFC52291}.Release|x64.Deploy.0 = Release|x64
		{6AA2D18D-EE9A-4A1F-8DD1-6F67AFC52291}.Release|x86.ActiveCfg = Release|x86
		{6AA2D18D-EE9A-4A1F-8DD1-6F67AFC52291}.Release|x86.Build.0 = Release|x86
		{6AA2D18D-EE9A-4A1F-8DD1-6F67AFC52291}.Release|x86.Deploy.0 = Release|x86
		{C8CCAEE4-CE0E-4249-A90C-2F029A09A05E}.Debug|ARM.ActiveCfg = Debug|ARM
		{C8CCAEE4-CE0E-4249-A90C-2F029A09A05E}.Debug|ARM.Build.0 = Debug|ARM
		{C8CCAEE4-CE0E-4249-A90C-2F029A09A05E}.Debug|ARM.Deploy.0 = Debug|ARM
		{C8CCAEE4-CE0E-4249-A90C-2F029A09A05E}.Debug|x64.ActiveCfg = Debug|x64
		{C8CCAEE4-CE0E-4249-A90C-2F029A09A05E}.Debug|x64.Build.0 = Debug|x64
		{C8CCAEE4-CE0E-4249-A90C-2F029A09A05E}.Debug|x64.Deploy.0 = Debug|x64
		{C8CCAEE4-CE0E-4249-A90C-2F029A09A05E}.Debug|x86.ActiveCfg = Debug|x86
		{C8CCAEE4-CE0E-4249-A90C-2F029A09A05E}.Debug|x86.Build.0 = Debug|x86
		{C8CCAEE4-CE0E-4249-A90C-2F029A09A05E}.Debug|x86.Deploy.0 = Debug|x86
		{C8CCAEE4-CE0E-4249-A90C-2F029A09A05E}.Release|ARM.ActiveCfg = Release|ARM
		{C8CCAEE4-CE0E-4249-A90C-2F029A09A05E}.Release|ARM.Build.0 = Release|ARM
		{C8CCAEE4-CE0E-4249-A90C-2F029A09A05E}.Release|ARM.Deploy.0 = Release|ARM
		{C8CCAEE4-CE0E-4249-A90C-2F029A09A05E}.Release|x64.ActiveCfg = Release|x64
		{C8CCAEE4-CE0E-4249-A90C-2F029A09A05E}.Release|x64.Build.0 = Release|x64
		{C8CCAEE4-CE0E-4249-A90C-2F029A09A05E}.Release|x64.Deploy.0 = Release|x64
		{C8CCAEE4-CE0E-4249-A90C-2F029A09A05E}.Release|x86.ActiveCfg = Release|x86
		{C8CCAEE4-CE0E-4249-A90C-2F029A09A05E}.Release|x86.Build.0 = Release|x86
		{C8CCAEE4-CE0E-4249-A90C-2F029A09A05E}.Release|x86.Deploy.0 = Release|x86
		{28C6451E-B336-4FAA-9903-99BAF7E38D89}.Debug|ARM.ActiveCfg = Debug|ARM
		{28C6451E-B336-4FAA-9903-99BAF7E38D89}.Debug|ARM.Build.0 = Debug|ARM
		{28C6451E-B336-4FAA-9903-99BAF7E38D89}.Debug|ARM.Deploy.0 = Debug|ARM
		{28C6451E-B336-4FAA-9903-99BAF7E38D89}.Debug|x64.ActiveCfg = Debug|x64
		{28C6451E-B336-4FAA-9903-99BAF7E38D89}.Debug|x64.Build.0 = Debug|x64
		{28C6451E-B336-4FAA-9903-99BAF7E38D89}.Debug|x64.Deploy.0 = Debug|x64
		{28C6451E-B336-4FAA-9903-99BAF7E38D89}.Debug|x86.ActiveCfg = Debug|x86
		{28C6451E-B336-4FAA-9903-99BAF7E38D89}.Debug|x86.Build.0 = Debug|x86
		{28C6451E-B336-4FAA-9903-99BAF7E38D89}.Debug|x86.Deploy.0 = Debug|x86
		{28C6451E-B336-4FAA-9903-99BAF7E38D89}.Release|ARM.ActiveCfg = Release|ARM
		{28C6451E-B336-4FAA-9903-99BAF7E38D89}.Release|ARM.Build.0 = Release|ARM
		{28C6451E-B336-4FAA-9903-99BAF7E38D89}.Release|ARM.Deploy.0 = Release|ARM
		{28C6451E-B336-4FAA-9903-99BAF7E38D89}.Release|x64.ActiveCfg = Release|x64
		{28C6451E-B336-4FAA-9903-99BAF7E38D89}.Release|x64.Build.0 = Release|x64
		{28C6451E-B336-4FAA-9903-99BAF7E38D89}.Release|x64.Deploy.0 = Release|x64
		{28C6451E-B336-4FAA-9903-99BAF7E38D89}.Release|x86.ActiveCfg = Release|x86
		{28C6451E-B336-4FAA-9903-99BAF7E38D89}.Release|x86.Build.0 = Release|x86
		{28C6451E-B336-4FAA-9903-99BAF7E38D89}.Release|x86.Deploy.0 = Release|x86
		{6B52DC2B-1862-49B7-ABF6-095A7BC6B2B5}.Debug|ARM.ActiveCfg = Debug|ARM
		{6B52DC2B-1862-49B7-ABF6-095A7BC6B2B5}.Debug|ARM.Build.0 = Debug|ARM
		{6B52DC2B-1862-49B7-ABF6-095A7BC6B2B5}.Debug|ARM.Deploy.0 = Debug|ARM
		{6B52DC2B-1862-49B7-ABF6-095A7BC6B2B5}.Debug|x64.ActiveCfg = Debug|x64
		{6B52DC2B-1862-49B7-ABF6-095A7BC6B2B5}.Debug|x64.Build.0 = Debug|x64
		{6B52DC2B-1862-49B7-ABF6-095A7BC6B2B5}.Debug|x64.Deploy.0 = Debug|x64
		{6B52DC2B-1862-49B7-ABF6-095A7BC6B2B5}.Debug|x86.ActiveCfg = Debug|x86
		{6B52DC2B-1862-49B7-ABF6-095A7BC6B2B5}.Debug|x86.Build.0 = Debug|x86
		{6B52DC2B-1862-49B7-ABF6-095A7BC6B2B5}.Debug|x86.Deploy.0 = Debug|x86
		{6B52DC2B-1862-49B7-ABF6-095A7BC6B2B5}.Release|ARM.ActiveCfg = Release|ARM
		{6B52DC2B-1862-49B7-ABF6-095A7BC6B2B5}.Release|ARM.Build.0 = Release|ARM
		{6B52DC2B-1862-49B7-ABF6-095A7BC6B2B5}.Release|ARM.Deploy.0 = Release|ARM
		{6B52DC2B-1862-49B7-ABF6-095A7BC6B2B5}.Release|x64.ActiveCfg = Release|x64
		{6B52DC2B-1862-49B7-ABF6-095A7BC6B2B5}.Release|x64.Build.0 = Release|x64
		{6B52DC2B-1862-49B7-ABF6-095A7BC6B2B5}.Release|x64.Deploy.0 = Release|x64
		{6B52DC2B-1862-49B7-ABF6-095A7BC6B2B5}.Release|x86.ActiveCfg = Release|x86
		{6B52DC2B-1862-49B7-ABF6-095A7BC6B2B5}.Release|x86.Build.0 = Release|x86
		{6B52DC2B-1862-49B7-ABF6-095A7BC6B2B5}.Release|x86.Deploy.0 = Release|x86
		{30B2933A-6203-42E6-BFE5-1DB06143AB76}.Debug|ARM.ActiveCfg = Debug|ARM
		{30B2933A-6203-42E6-BFE5-1DB06143AB76}.Debug|ARM.Build.0 = Debug|ARM
		{30B2933A-6203-42E6-BFE5-1DB06143AB76}.Debug|ARM.Deploy.0 = Debug|ARM
		{30B2933A-6203-42E6-BFE5-1DB06143AB76}.Debug|x64.ActiveCfg = Debug|x64
		{30B2933A-6203-42E6-BFE5-1DB06143AB76}.Debug|x64.Build.0 = Debug|x64
		{30B2933A-6203-42E6-BFE5-1DB06143AB76}.Debug|x64.Deploy.0 = Debug|x64
		{30B2933A-6203-42E6-BFE5-1DB06143AB76}.Debug|x86.ActiveCfg = Debug|x86
		{30B2933A-6203-42E6-BFE5-1DB06143AB76}.Debug|x86.Build.0 = Debug|x86
		{30B2933A-6203-42E6-BFE5-1DB06143AB76}.Debug|x86.Deploy.0 = Debug|x86
		{30B2933A-6203-42E6-BFE5-1DB06143AB76}.Release|ARM.ActiveCfg = Release|ARM
		{30B2933A-6203-42E6-BFE5-1DB06143AB76}.Release|ARM.Build.0 = Release|ARM
		{30B2933A-6203-42E6-BFE5-1DB06143AB76}.Release|ARM.Deploy.0 = Release|ARM
		{30B2933A-6203-42E6-BFE5-1DB06143AB76}.Release|x64.ActiveCfg = Release|x64
		{30B2933A-6203-42E6-BFE5-1DB06143AB76}.Release|x64.Build.0 = Release|x64
		{30B2933A-6203-42E6-BFE5-1DB06143AB76}.Release|x64.Deploy.0 = Release|x64
		{30B2933A-6203-42E6-BFE5-1DB06143AB76}.Release|x86.ActiveCfg = Release|x86
		{30B2933A-6203-42E6-BFE5-1DB06143AB76}.Release|x86.Build.0 = Release|x86
		{30B2933A-6203-42E6-BFE5-1DB06143AB76}.Release|x86.Deploy.0 = Release|x86
		{8BE1FC83-8AC2-41F0-BEDF-D4F4F53A1450}.Debug|ARM.ActiveCfg = Debug|ARM
		{8BE1FC83-8AC2-41F0-BEDF-D4F4F53A1450}.Debug|ARM.Build.0 = Debug|ARM
		{8BE1FC83-8AC2-41F0-BEDF-D4F4F53A1450}.Debug|ARM.Deploy.0 = Debug|ARM
		{8BE1FC83-8AC2-41F0-BEDF-D4F4F53A1450}.Debug|x64.ActiveCfg = Debug|x64
		{8BE1FC83-8AC2-41F0-BEDF-D4F4F53A1450}.Debug|x64.Build.0 = Debug|x64
		{8BE1FC83-8AC2-41F0-BEDF-D4F4F53A1450}.Debug|x64.Deploy.0 = Debug|x64
		{8BE1FC83-8AC2-41F0-BEDF-D4F4F53A1450}.Debug|x86.ActiveCfg = Debug|x86
		{8BE1FC83-8AC2-41F0-BEDF-D4F4F53A1450}.Debug|x86.Build.0 = Debug|x86
		{8BE1FC83-8AC2-41F0-BEDF-D4F4F53A1450}.Debug|x86.Deploy.0 = Debug|x86
		{8BE1FC83-8AC2-41F0-BEDF-D4F4F53A1450}.Release|ARM.ActiveCfg = Release|ARM
		{8BE1FC83-8AC2-41F0-BEDF-D4F4F53A1450}.Release|ARM.Build.0 = Release|ARM
		{8BE1FC83-8AC2-41F0-BEDF-D4F4F53A1450}.Release|ARM.Deploy.0 = Release|ARM
		{8BE1FC83-8AC2-41F0-BEDF-D4F4F53A1450}.Release|x64.ActiveCfg = Release|x64
		{8BE1FC83-8AC2-41F0-BEDF-D4F4F53A1450}.Release|x64.Build.0 = Release|x64
		{8BE1FC83-8AC2-41F0-BEDF-D4F4F53A1450}.Release|x64.Deploy.0 = Release|x64
		{8BE1FC83-8AC2-41F0-BEDF-D4F4F53A1450}.Release|x86.ActiveCfg = Release|x86
		{8BE1FC83-8AC2-41F0-BEDF-D4F4F53A1450}.Release|x86.Build.0 = Release|x86
		{8BE1FC83-8AC2-41F0-BEDF-D4F4F53A1450}.Release|x86.Deploy.0 = Release|x86
		{44112EF9-FCBA-436B-A9AB-C6507EA9CBED}.Debug|ARM.ActiveCfg = Debug|ARM
		{44112EF9-FCBA-436B-A9AB-C6507EA9CBED}.Debug|ARM.Build.0 = Debug|ARM
		{44112EF9-FCBA-436B-A9AB-C6507EA9CBED}.Debug|ARM.Deploy.0 = Debug|ARM
		{44112EF9-FCBA-436B-A9AB-C6507EA9CBED}.Debug|x64.ActiveCfg = Debug|x64
		{44112EF9-FCBA-436B-A9AB-C6507EA9CBED}.Debug|x64.Build.0 = Debug|x64
		{44112EF9-FCBA-436B-A9AB-C6507EA9CBED}.Debug|x64.Deploy.0 = Debug|x64
		{44112EF9-FCBA-436B-A9AB-C6507EA9CBED}.Debug|x86.ActiveCfg = Debug|x86
		{44112EF9-FCBA-436B-A9AB-C6507EA9CBED}.Debug|x86.Build.0 = Debug|x86
		{44112EF9-FCBA-436B-A9AB-C6507EA9CBED}.Debug|x86.Deploy.0 = Debug|x86
		{44112EF9-FCBA-436B-A9AB-C6507EA9CBED}.Release|ARM.ActiveCfg = Release|ARM
		{44112EF9-FCBA-436B-A9AB-C6507EA9CBED}.Release|ARM.Build.0 = Release|ARM
		{44112EF9-FCBA-436B-A9AB-C6507EA9CBED}.Release|ARM.Deploy.0 = Release|ARM
		{44112EF9-FCBA-436B-A9AB-C6507EA9CBED}.Release|x64.ActiveCfg = Release|x64
		{44112EF9-FCBA-436B-A9AB-C6507EA9CBED}.Release|x64.Build.0 = Release|x64
		{44112EF9-FCBA-436B-A9AB-C6507EA9CBED}.Release|x64.Deploy.0 = Release|x64
		{44112EF9-FCBA-436B-A9AB-C6507EA9CBED}.Release|x86.ActiveCfg = Release|x86
		{44112EF9-FCBA-436B-A9AB-C6507EA9CBED}.Release|x86.Build.0 = Release|x86
		{44112EF9-FCBA-436B-A9AB-C6507EA9CBED}.Release|x86.Deploy.0 = Release|x86
		{5E902FC5-3003-4C2A-A9B4-246822098C70}.Debug|ARM.ActiveCfg = Debug|ARM
		{5E902FC5-3003-4C2A-A9B4-246822098C70}.Debug|ARM.Build.0 = Debug|ARM
		{5E902FC5-3003-4C2A-A9B4-246822098C70}.Debug|ARM.Deploy.0 = Debug|ARM
		{5E902FC5-3003-4C2A-A9B4-246822098C70}.Debug|x64.ActiveCfg = Debug|x64
		{5E902FC5-3003-4C2A-A9B4-246822098C70}.Debug|x64.Build.0 = Debug|x64
		{5E902FC5-3003-4C2A-A9B4-246822098C70}.Debug|x64.Deploy.0 = Debug|x64
		{5E902FC5-3003-4C2A-A9B4-246822098C70}.Debug|x86.ActiveCfg = Debug|x86
		{5E902FC5-3003-4C2A-A9B4-246822098C70}.Debug|x86.Build.0 = Debug|x86
		{5E902FC5-3003-4C2A-A9B4-246822098C70}.Debug|x86.Deploy.0 = Debug|x86
		{5E902FC5-3003-4C2A-A9B4-246822098C70}.Release|ARM.ActiveCfg = Release|ARM
		{5E902FC5-3003-4C2A-A9B4-246822098C70}.Release|ARM.Build.0 = Release|ARM
		{5E902FC5-3003-4C2A-A9B4-246822098C70}.Release|ARM.Deploy.0 = Release|ARM
		{5E902FC5-3003-4C2A-A9B4-246822098C70}.Release|x64.ActiveCfg = Release|x64
		{5E902FC5-3003-4C2A-A9B4-246822098C70}.Release|x64.Build.0 = Release|x64
		{5E902FC5-3003-4C2A-A9B4-246822098C70}.Release|x64.Deploy.0 = Release|x64
		{5E902FC5-3003-4C2A-A9B4-246822098C70}.Release|x86.ActiveCfg = Release|x86
		{5E902FC5-3003-4C2A-A9B4-246822098C70}.Release|x86.Build.0 = Release|x86
		{5E902FC5-3003-4C2A-A9B4-246822098C70}.Release|x86.Deploy.0 = Release|x86
		{8E1C14E3-EAF5-4D3B-B02F-2FB3A275B65C}.Debug|ARM.ActiveCfg = Debug|ARM
		{8E1C14E3-EAF5-4D3B-B02F-2FB3A275B65C}.Debug|ARM.Build.0 = Debug|ARM
		{8E1C14E3-EAF5-4D3B-B02F-2FB3A275B65C}.Debug|ARM.Deploy.0 = Debug|ARM
		{8E1C14E3-EAF5-4D3B-B02F-2FB3A275B65C}.Debug|x64.ActiveCfg = Debug|x64
		{8E1C14E3-EAF5-4D3B-B02F-2FB3A275B65C}.Debug|x64.Build.0 = Debug|x64
		{8E1C14E3-EAF5-4D3B-B02F-2FB3A275B65C}.Debug|x64.Deploy.0 = Debug|x64
		{8E1C14E3-EAF5-4D3B-B02F-2FB3A275B65C}.Debug|x86.ActiveCfg = Debug|x86
		{8E1C14E3-EAF5-4D3B-B02F-2FB3A275B65C}.Debug|x86.Build.0 = Debug|x86
		{8E1C14E3-EAF5-4D3B-B02F-2FB3A275B65C}.Debug|x86.Deploy.0 = Debug|x86
		{8E1C14E3-EAF5-4D3B-B02F-2FB3A275B65C}.Release|ARM.ActiveCfg = Release|ARM
		{8E1C14E3-EAF5-4D3B-B02F-2FB3A275B65C}.Release|ARM.Build.0 = Release|ARM
		{8E1C14E3-EAF5-4D3B-B02F-2FB3A275B65C}.Release|ARM.Deploy.0 = Release|ARM
		{8E1C14E3-EAF5-4D3B-B02F-2FB3A275B65C}.Release|x64.ActiveCfg = Release|x64
		{8E1C14E3-EAF5-4D3B-B02F-2FB3A275B65C}.Release|x64.Build.0 = Release|x64
		{8E1C14E3-EAF5-4D3B-B02F-2FB3A275B65C}.Release|x64.Deploy.0 = Release|x64
		{8E1C14E3-EAF5-4D3B-B02F-2FB3A275B65C}.Release|x86.ActiveCfg = Release|x86
		{8E1C14E3-EAF5-4D3B-B02F-2FB3A275B65C}.Release|x86.Build.0 = Release|x86
		{8E1C14E3-EAF5-4D3B-B02F-2FB3A275B65C}.Release|x86.Deploy.0 = Release|x86
		{63C122AC-7BC7-49DC-94E0-BBB9912D5E31}.Debug|ARM.ActiveCfg = Debug|ARM
		{63C122AC-7BC7-49DC-94E0-BBB9912D5E31}.Debug|ARM.Build.0 = Debug|ARM
		{63C122AC-7BC7-49DC-94E0-BBB9912D5E31}.Debug|ARM.Deploy.0 = Debug|ARM
		{63C122AC-7BC7-49DC-94E0-BBB9912D5E31}.Debug|x64.ActiveCfg = Debug|x64
		{63C122AC-7BC7-49DC-94E0-BBB9912D5E31}.Debug|x64.Build.0 = Debug|x64
		{63C122AC-7BC7-49DC-94E0-BBB9912D5E31}.Debug|x64.Deploy.0 = Debug|x64
		{63C122AC-7BC7-49DC-94E0-BBB9912D5E31}.Debug|x86.ActiveCfg = Debug|x86
		{63C122AC-7BC7-49DC-94E0-BBB9912D5E31}.Debug|x86.Build.0 = Debug|x86
		{63C122AC-7BC7-49DC-94E0-BBB9912D5E31}.Debug|x86.Deploy.0 = Debug|x86
		{63C122AC-7BC7-49DC-94E0-BBB9912D5E31}.Release|ARM.ActiveCfg = Release|ARM
		{63C122AC-7BC7-49DC-94E0-BBB9912D5E31}.Release|ARM.Build.0 = Release|ARM
		{63C122AC-7BC7-49DC-94E0-BBB9912D5E31}.Release|ARM.Deploy.0 = Release|ARM
		{63C122AC-7BC7-49DC-94E0-BBB9912D5E31}.Release|x64.ActiveCfg = Release|x64
		{63C122AC-7BC7-49DC-94E0-BBB9912D5E31}.Release|x64.Build.0 = Release|x64
		{63C122AC-7BC7-49DC-94E0-BBB9912D5E31}.Release|x64.Deploy.0 = Release|x64
		{63C122AC-7BC7-49DC-94E0-BBB9912D5E31}.Release|x86.ActiveCfg = Release|x86
		{63C122AC-7BC7-49DC-94E0-BBB9912D5E31}.Release|x86.Build.0 = Release|x86
		{63C122AC-7BC7-49DC-94E0-BBB9912D5E31}.Release|x86.Deploy.0 = Release|x86
		{3DAB4809-77C7-4BC0-87CB-38E63E1C7378}.Debug|ARM.ActiveCfg = Debug|ARM
		{3DAB4809-77C7-4BC0-87CB-38E63E1C7378}.Debug|ARM.Build.0 = Debug|ARM
		{3DAB4809-77C7-4BC0-87CB-38E63E1C7378}.Debug|ARM.Deploy.0 = Debug|ARM
		{3DAB4809-77C7-4BC0-87CB-38E63E1C7378}.Debug|x64.ActiveCfg = Debug|x64
		{3DAB4809-77C7-4BC0-87CB-38E63E1C7378}.Debug|x64.Build.0 = Debug|x64
		{3DAB4809-77C7-4BC0-87CB-38E63E1C7378}.Debug|x64.Deploy.0 = Debug|x64
		{3DAB4809-77C7-4BC0-87CB-38E63E1C7378}.Debug|x86.ActiveCfg = Debug|x86
		{3DAB4809-77C7-4BC0-87CB-38E63E1C7378}.Debug|x86.Build.0 = Debug|x86
		{3DAB4809-77C7-4BC0-87CB-38E63E1C7378}.Debug|x86.Deploy.0 = Debug|x86
		{3DAB4809-77C7-4BC0-87CB-38E63E1C7378}.Release|ARM.ActiveCfg = Release|ARM
		{3DAB4809-77C7-4BC0-87CB-38E63E1C7378}.Release|ARM.Build.0 = Release|ARM
		{3DAB4809-77C7-4BC0-87CB-38E63E1C7378}.Release|ARM.Deploy.0 = Release|ARM
		{3DAB4809-77C7-4BC0-87CB-38E63E1C7378}.Release|x64.ActiveCfg = Release|x64
		{3DAB4809-77C7-4BC0-87CB-38E63E1C7378}.Release|x64.Build.0 = Release|x64
		{3DAB4809-77C7-4BC0-87CB-38E63E1C7378}.Release|x64.Deploy.0 = Release|x64
		{3DAB4809-77C7-4BC0-87CB-38E63E1C7378}.Release|x86.ActiveCfg = Release|x86
		{3DAB4809-77C7-4BC0-87CB-38E63E1C7378}.Release|x86.Build.0 = Release|x86
		{3DAB4809-77C7-4BC0-87CB-38E63E1C7378}.Release|x86.Deploy.0 = Release|x86
		{53B0193C-DB85-4CA4-8D80-56A885630F31}.Debug|ARM.ActiveCfg = Debug|ARM
		{53B0193C-DB85-4CA4-8D80-56A885630F31}.Debug|ARM.Build.0 = Debug|ARM
		{53B0193C-DB85-4CA4-8D80-56A885630F31}.Debug|ARM.Deploy.0 = Debug|ARM
		{53B0193C-DB85-4CA4-8D80-56A885630F31}.Debug|x64.ActiveCfg = Debug|x64
		{53B0193C-DB85-4CA4-8D80-56A885630F31}.Debug|x64.Build.0 = Debug|x64
		{53B0193C-DB85-4CA4-8D80-56A885630F31}.Debug|x64.Deploy.0 = Debug|x64
		{53B0193C-DB85-4CA4-8D80-56A885630F31}.Debug|x86.ActiveCfg = Debug|x86
		{53B0193C-DB85-4CA4-8D80-56A885630F31}.Debug|x86.Build.0 = Debug|x86
		{53B0193C-DB85-4CA4-8D80-56A885630F31}.Debug|x86.Deploy.0 = Debug|x86
		{53B0193C-DB85-4CA4-8D80-56A885630F31}.Release|ARM.ActiveCfg = Release|ARM
		{53B0193C-DB85-4CA4-8D80-56A885630F31}.Release|ARM.Build.0 = Release|ARM
		{53B0193C-DB85-4CA4-8D80-56A885630F31}.Release|ARM.Deploy.0 = Release|ARM
		{53B0193C-DB85-4CA4-8D80-56A885630F31}.Release|x64.ActiveCfg = Release|x64
		{53B0193C-DB85-4CA4-8D80-56A885630F31}.Release|x64.Build.0 = Release|x64
		{53B0193C-DB85-4CA4-8D80-56A885630F31}.Release|x64.Deploy.0 = Release|x64
		{53B0193C-DB85-4CA4-8D80-56A885630F31}.Release|x86.ActiveCfg = Release|x86
		{53B0193C-DB85-4CA4-8D80-56A885630F31}.Release|x86.Build.0 = Release|x86
		{53B0193C-DB85-4CA4-8D80-56A885630F31}.Release|x86.Deploy.0 = Release|x86
	EndGlobalSection
	GlobalSection(SolutionProperties) = preSolution
		HideSolutionNode = FALSE
	EndGlobalSection
EndGlobal
